
Microsoft Visual Studio Solution File, Format Version 12.00
# Visual Studio Version 16
VisualStudioVersion = 16.0.31025.194
MinimumVisualStudioVersion = 10.0.40219.1
Project("{FAE04EC0-301F-11D3-BF4B-00C04F79EFBC}") = "Harz Roller", "Harz Roller\Harz Roller.csproj", "{94D4FB1F-D834-4A49-A59E-15EC4D54A50A}"
EndProject
Global
	GlobalSection(SolutionConfigurationPlatforms) = preSolution
		Debug|Any CPU = Debug|Any CPU
		Release|Any CPU = Release|Any CPU
	EndGlobalSection
	GlobalSection(ProjectConfigurationPlatforms) = postSolution
		{94D4FB1F-D834-4A49-A59E-15EC4D54A50A}.Debug|Any CPU.ActiveCfg = Debug|Any CPU
		{94D4FB1F-D834-4A49-A59E-15EC4D54A50A}.Debug|Any CPU.Build.0 = Debug|Any CPU
		{94D4FB1F-D834-4A49-A59E-15EC4D54A50A}.Release|Any CPU.ActiveCfg = Release|Any CPU
		{94D4FB1F-D834-4A49-A59E-15EC4D54A50A}.Release|Any CPU.Build.0 = Release|Any CPU
	EndGlobalSection
	GlobalSection(SolutionProperties) = preSolution
		HideSolutionNode = FALSE
	EndGlobalSection
	GlobalSection(ExtensibilityGlobals) = postSolution
		SolutionGuid = {69B6E18C-07FC-4031-BB13-79CB18CC8244}
	EndGlobalSection
EndGlobal
